
Microsoft Visual Studio Solution File, Format Version 12.00
# Visual Studio Version 16
VisualStudioVersion = 16.0.31112.23
MinimumVisualStudioVersion = 10.0.40219.1
Project("{FAE04EC0-301F-11D3-BF4B-00C04F79EFBC}") = "HomeWork I56", "HomeWork I56.csproj", "{B2FAD8DB-66B7-4FA7-A118-A2E9A79EA19F}"
EndProject
Global
	GlobalSection(SolutionConfigurationPlatforms) = preSolution
		Debug|Any CPU = Debug|Any CPU
		Release|Any CPU = Release|Any CPU
	EndGlobalSection
	GlobalSection(ProjectConfigurationPlatforms) = postSolution
		{B2FAD8DB-66B7-4FA7-A118-A2E9A79EA19F}.Debug|Any CPU.ActiveCfg = Debug|Any CPU
		{B2FAD8DB-66B7-4FA7-A118-A2E9A79EA19F}.Debug|Any CPU.Build.0 = Debug|Any CPU
		{B2FAD8DB-66B7-4FA7-A118-A2E9A79EA19F}.Release|Any CPU.ActiveCfg = Release|Any CPU
		{B2FAD8DB-66B7-4FA7-A118-A2E9A79EA19F}.Release|Any CPU.Build.0 = Release|Any CPU
	EndGlobalSection
	GlobalSection(SolutionProperties) = preSolution
		HideSolutionNode = FALSE
	EndGlobalSection
	GlobalSection(ExtensibilityGlobals) = postSolution
		SolutionGuid = {AD681A81-7F34-4C22-867A-F3576227A954}
	EndGlobalSection
EndGlobal
